
Microsoft Visual Studio Solution File, Format Version 12.00
# Visual Studio 15
VisualStudioVersion = 15.0.27428.2027
MinimumVisualStudioVersion = 10.0.40219.1
Project("{FAE04EC0-301F-11D3-BF4B-00C04F79EFBC}") = "PWMover", "PWMover\PWMover.csproj", "{6649DA9A-EF7A-48BB-BEFF-32136F3D0A37}"
EndProject
Global
	GlobalSection(SolutionConfigurationPlatforms) = preSolution
		Debug|Any CPU = Debug|Any CPU
		Release|Any CPU = Release|Any CPU
	EndGlobalSection
	GlobalSection(ProjectConfigurationPlatforms) = postSolution
		{6649DA9A-EF7A-48BB-BEFF-32136F3D0A37}.Debug|Any CPU.ActiveCfg = Debug|Any CPU
		{6649DA9A-EF7A-48BB-BEFF-32136F3D0A37}.Debug|Any CPU.Build.0 = Debug|Any CPU
		{6649DA9A-EF7A-48BB-BEFF-32136F3D0A37}.Release|Any CPU.ActiveCfg = Release|Any CPU
		{6649DA9A-EF7A-48BB-BEFF-32136F3D0A37}.Release|Any CPU.Build.0 = Release|Any CPU
	EndGlobalSection
	GlobalSection(SolutionProperties) = preSolution
		HideSolutionNode = FALSE
	EndGlobalSection
	GlobalSection(ExtensibilityGlobals) = postSolution
		SolutionGuid = {126EBBB4-BBB6-4C39-8226-3081F53B41FC}
	EndGlobalSection
EndGlobal
